{
  "_meta": {
    "hash": {
      "sha256": "8c6ee97ba72a578a5970ddd892992ffb951a31649bdefce22a64fd06f69988e8"
    },
    "pipfile-spec": 6,
    "requires": {
      "python_version": "3.9"
    },
    "sources": [
      {
        "name": "pypi",
        "url": "https://pypi.org/simple",
        "verify_ssl": true
      }
    ]
  },
  "default": {
    "anyio": {
      "hashes": [
        "sha256:673c0c244e15788651a4ff38710fea9675823028a6f08a5eda409e0c9840a028",
        "sha256:9f76d541cad6e36af7beb62e978876f3b41e3e04f2c1fbf0884604c0a9c4d93c"
      ],
      "markers": "python_version >= '3.9'",
      "version": "==4.9.0"
    },
    "backports.tarfile": {
      "hashes": [
        "sha256:77e284d754527b01fb1e6fa8a1afe577858ebe4e9dad8919e34c862cb399bc34",
        "sha256:d75e02c268746e1b8144c278978b6e98e85de6ad16f8e4b0844a154557eca991"
      ],
      "markers": "python_version >= '3.8'",
      "version": "==1.2.0"
    },
    "certifi": {
      "hashes": [
        "sha256:2e0c7ce7cb5d8f8634ca55d2ba7e6ec2689a2fd6537d8dec1296a477a4910057",
        "sha256:d747aa5a8b9bbbb1bb8c22bb13e22bd1f18e9796defa16bab421f7f7a317323b"
      ],
      "markers": "python_version >= '3.7'",
      "version": "==2025.6.15"
    },
    "cffi": {
      "hashes": [
        "sha256:045d61c734659cc045141be4bae381a41d89b741f795af1dd018bfb532fd0df8",
        "sha256:0984a4925a435b1da406122d4d7968dd861c1385afe3b45ba82b750f229811e2",
        "sha256:0e2b1fac190ae3ebfe37b979cc1ce69c81f4e4fe5746bb401dca63a9062cdaf1",
        "sha256:0f048dcf80db46f0098ccac01132761580d28e28bc0f78ae0d58048063317e15",
        "sha256:1257bdabf294dceb59f5e70c64a3e2f462c30c7ad68092d01bbbfb1c16b1ba36",
        "sha256:1c39c6016c32bc48dd54561950ebd6836e1670f2ae46128f67cf49e789c52824",
        "sha256:1d599671f396c4723d016dbddb72fe8e0397082b0a77a4fab8028923bec050e8",
        "sha256:28b16024becceed8c6dfbc75629e27788d8a3f9030691a1dbf9821a128b22c36",
        "sha256:2bb1a08b8008b281856e5971307cc386a8e9c5b625ac297e853d36da6efe9c17",
        "sha256:30c5e0cb5ae493c04c8b42916e52ca38079f1b235c2f8ae5f4527b963c401caf",
        "sha256:31000ec67d4221a71bd3f67df918b1f88f676f1c3b535a7eb473255fdc0b83fc",
        "sha256:386c8bf53c502fff58903061338ce4f4950cbdcb23e2902d86c0f722b786bbe3",
        "sha256:3edc8d958eb099c634dace3c7e16560ae474aa3803a5df240542b305d14e14ed",
        "sha256:45398b671ac6d70e67da8e4224a065cec6a93541bb7aebe1b198a61b58c7b702",
        "sha256:46bf43160c1a35f7ec506d254e5c890f3c03648a4dbac12d624e4490a7046cd1",
        "sha256:4ceb10419a9adf4460ea14cfd6bc43d08701f0835e979bf821052f1805850fe8",
        "sha256:51392eae71afec0d0c8fb1a53b204dbb3bcabcb3c9b807eedf3e1e6ccf2de903",
        "sha256:5da5719280082ac6bd9aa7becb3938dc9f9cbd57fac7d2871717b1feb0902ab6",
        "sha256:610faea79c43e44c71e1ec53a554553fa22321b65fae24889706c0a84d4ad86d",
        "sha256:636062ea65bd0195bc012fea9321aca499c0504409f413dc88af450b57ffd03b",
        "sha256:6883e737d7d9e4899a8a695e00ec36bd4e5e4f18fabe0aca0efe0a4b44cdb13e",
        "sha256:6b8b4a92e1c65048ff98cfe1f735ef8f1ceb72e3d5f0c25fdb12087a23da22be",
        "sha256:6f17be4345073b0a7b8ea599688f692ac3ef23ce28e5df79c04de519dbc4912c",
        "sha256:706510fe141c86a69c8ddc029c7910003a17353970cff3b904ff0686a5927683",
        "sha256:72e72408cad3d5419375fc87d289076ee319835bdfa2caad331e377589aebba9",
        "sha256:733e99bc2df47476e3848417c5a4540522f234dfd4ef3ab7fafdf555b082ec0c",
        "sha256:7596d6620d3fa590f677e9ee430df2958d2d6d6de2feeae5b20e82c00b76fbf8",
        "sha256:78122be759c3f8a014ce010908ae03364d00a1f81ab5c7f4a7a5120607ea56e1",
        "sha256:805b4371bf7197c329fcb3ead37e710d1bca9da5d583f5073b799d5c5bd1eee4",
        "sha256:85a950a4ac9c359340d5963966e3e0a94a676bd6245a4b55bc43949eee26a655",
        "sha256:8f2cdc858323644ab277e9bb925ad72ae0e67f69e804f4898c070998d50b1a67",
        "sha256:9755e4345d1ec879e3849e62222a18c7174d65a6a92d5b346b1863912168b595",
        "sha256:98e3969bcff97cae1b2def8ba499ea3d6f31ddfdb7635374834cf89a1a08ecf0",
        "sha256:a08d7e755f8ed21095a310a693525137cfe756ce62d066e53f502a83dc550f65",
        "sha256:a1ed2dd2972641495a3ec98445e09766f077aee98a1c896dcb4ad0d303628e41",
        "sha256:a24ed04c8ffd54b0729c07cee15a81d964e6fee0e3d4d342a27b020d22959dc6",
        "sha256:a45e3c6913c5b87b3ff120dcdc03f6131fa0065027d0ed7ee6190736a74cd401",
        "sha256:a9b15d491f3ad5d692e11f6b71f7857e7835eb677955c00cc0aefcd0669adaf6",
        "sha256:ad9413ccdeda48c5afdae7e4fa2192157e991ff761e7ab8fdd8926f40b160cc3",
        "sha256:b2ab587605f4ba0bf81dc0cb08a41bd1c0a5906bd59243d56bad7668a6fc6c16",
        "sha256:b62ce867176a75d03a665bad002af8e6d54644fad99a3c70905c543130e39d93",
        "sha256:c03e868a0b3bc35839ba98e74211ed2b05d2119be4e8a0f224fba9384f1fe02e",
        "sha256:c59d6e989d07460165cc5ad3c61f9fd8f1b4796eacbd81cee78957842b834af4",
        "sha256:c7eac2ef9b63c79431bc4b25f1cd649d7f061a28808cbc6c47b534bd789ef964",
        "sha256:c9c3d058ebabb74db66e431095118094d06abf53284d9c81f27300d0e0d8bc7c",
        "sha256:ca74b8dbe6e8e8263c0ffd60277de77dcee6c837a3d0881d8c1ead7268c9e576",
        "sha256:caaf0640ef5f5517f49bc275eca1406b0ffa6aa184892812030f04c2abf589a0",
        "sha256:cdf5ce3acdfd1661132f2a9c19cac174758dc2352bfe37d98aa7512c6b7178b3",
        "sha256:d016c76bdd850f3c626af19b0542c9677ba156e4ee4fccfdd7848803533ef662",
        "sha256:d01b12eeeb4427d3110de311e1774046ad344f5b1a7403101878976ecd7a10f3",
        "sha256:d63afe322132c194cf832bfec0dc69a99fb9bb6bbd550f161a49e9e855cc78ff",
        "sha256:da95af8214998d77a98cc14e3a3bd00aa191526343078b530ceb0bd710fb48a5",
        "sha256:dd398dbc6773384a17fe0d3e7eeb8d1a21c2200473ee6806bb5e6a8e62bb73dd",
        "sha256:de2ea4b5833625383e464549fec1bc395c1bdeeb5f25c4a3a82b5a8c756ec22f",
        "sha256:de55b766c7aa2e2a3092c51e0483d700341182f08e67c63630d5b6f200bb28e5",
        "sha256:df8b1c11f177bc2313ec4b2d46baec87a5f3e71fc8b45dab2ee7cae86d9aba14",
        "sha256:e03eab0a8677fa80d646b5ddece1cbeaf556c313dcfac435ba11f107ba117b5d",
        "sha256:e221cf152cff04059d011ee126477f0d9588303eb57e88923578ace7baad17f9",
        "sha256:e31ae45bc2e29f6b2abd0de1cc3b9d5205aa847cafaecb8af1476a609a2f6eb7",
        "sha256:edae79245293e15384b51f88b00613ba9f7198016a5948b5dddf4917d4d26382",
        "sha256:f1e22e8c4419538cb197e4dd60acc919d7696e5ef98ee4da4e01d3f8cfa4cc5a",
        "sha256:f3a2b4222ce6b60e2e8b337bb9596923045681d71e5a082783484d845390938e",
        "sha256:f6a16c31041f09ead72d69f583767292f750d24913dadacf5756b966aacb3f1a",
        "sha256:f75c7ab1f9e4aca5414ed4d8e5c0e303a34f4421f8a0d47a4d019ceff0ab6af4",
        "sha256:f79fc4fc25f1c8698ff97788206bb3c2598949bfe0fef03d299eb1b5356ada99",
        "sha256:f7f5baafcc48261359e14bcd6d9bff6d4b28d9103847c9e136694cb0501aef87",
        "sha256:fc48c783f9c87e60831201f2cce7f3b2e4846bf4d8728eabe54d60700b318a0b"
      ],
      "markers": "python_version >= '3.8'",
      "version": "==1.17.1"
    },
    "click": {
      "hashes": [
        "sha256:63c132bbbed01578a06712a2d1f497bb62d9c1c0d329b7903a866228027263b2",
        "sha256:ed53c9d8990d83c2a27deae68e4ee337473f6330c040a31d4225c9574d16096a"
      ],
      "markers": "python_version >= '3.7'",
      "version": "==8.1.8"
    },
    "cryptography": {
      "hashes": [
        "sha256:0339a692de47084969500ee455e42c58e449461e0ec845a34a6a9b9bf7df7fb8",
        "sha256:03dbff8411206713185b8cebe31bc5c0eb544799a50c09035733716b386e61a4",
        "sha256:06509dc70dd71fa56eaa138336244e2fbaf2ac164fc9b5e66828fccfd2b680d6",
        "sha256:0cf13c77d710131d33e63626bd55ae7c0efb701ebdc2b3a7952b9b23a0412862",
        "sha256:23b9c3ea30c3ed4db59e7b9619272e94891f8a3a5591d0b656a7582631ccf750",
        "sha256:25eb4d4d3e54595dc8adebc6bbd5623588991d86591a78c2548ffb64797341e2",
        "sha256:2882338b2a6e0bd337052e8b9007ced85c637da19ef9ecaf437744495c8c2999",
        "sha256:3530382a43a0e524bc931f187fc69ef4c42828cf7d7f592f7f249f602b5a4ab0",
        "sha256:425a9a6ac2823ee6e46a76a21a4e8342d8fa5c01e08b823c1f19a8b74f096069",
        "sha256:46cf7088bf91bdc9b26f9c55636492c1cce3e7aaf8041bbf0243f5e5325cfb2d",
        "sha256:4828190fb6c4bcb6ebc6331f01fe66ae838bb3bd58e753b59d4b22eb444b996c",
        "sha256:49fe9155ab32721b9122975e168a6760d8ce4cffe423bcd7ca269ba41b5dfac1",
        "sha256:4ca0f52170e821bc8da6fc0cc565b7bb8ff8d90d36b5e9fdd68e8a86bdf72036",
        "sha256:51dfbd4d26172d31150d84c19bbe06c68ea4b7f11bbc7b3a5e146b367c311349",
        "sha256:5f31e6b0a5a253f6aa49be67279be4a7e5a4ef259a9f33c69f7d1b1191939872",
        "sha256:627ba1bc94f6adf0b0a2e35d87020285ead22d9f648c7e75bb64f367375f3b22",
        "sha256:680806cf63baa0039b920f4976f5f31b10e772de42f16310a6839d9f21a26b0d",
        "sha256:6a3511ae33f09094185d111160fd192c67aa0a2a8d19b54d36e4c78f651dc5ad",
        "sha256:6a5bf57554e80f75a7db3d4b1dacaa2764611ae166ab42ea9a72bcdb5d577637",
        "sha256:6b613164cb8425e2f8db5849ffb84892e523bf6d26deb8f9bb76ae86181fa12b",
        "sha256:7405ade85c83c37682c8fe65554759800a4a8c54b2d96e0f8ad114d31b808d57",
        "sha256:7aad98a25ed8ac917fdd8a9c1e706e5a0956e06c498be1f713b61734333a4507",
        "sha256:7bedbe4cc930fa4b100fc845ea1ea5788fcd7ae9562e669989c11618ae8d76ee",
        "sha256:7ef2dde4fa9408475038fc9aadfc1fb2676b174e68356359632e980c661ec8f6",
        "sha256:817ee05c6c9f7a69a16200f0c90ab26d23a87701e2a284bd15156783e46dbcc8",
        "sha256:944e9ccf67a9594137f942d5b52c8d238b1b4e46c7a0c2891b7ae6e01e7c80a4",
        "sha256:964bcc28d867e0f5491a564b7debb3ffdd8717928d315d12e0d7defa9e43b723",
        "sha256:96d4819e25bf3b685199b304a0029ce4a3caf98947ce8a066c9137cc78ad2c58",
        "sha256:a77c6fb8d76e9c9f99f2f3437c1a4ac287b34eaf40997cfab1e9bd2be175ac39",
        "sha256:b0a97c927497e3bc36b33987abb99bf17a9a175a19af38a892dc4bbb844d7ee2",
        "sha256:b97737a3ffbea79eebb062eb0d67d72307195035332501722a9ca86bab9e3ab2",
        "sha256:bbc505d1dc469ac12a0a064214879eac6294038d6b24ae9f71faae1448a9608d",
        "sha256:c22fe01e53dc65edd1945a2e6f0015e887f84ced233acecb64b4daadb32f5c97",
        "sha256:ce1678a2ccbe696cf3af15a75bb72ee008d7ff183c9228592ede9db467e64f1b",
        "sha256:e00a6c10a5c53979d6242f123c0a97cff9f3abed7f064fc412c36dc521b5f257",
        "sha256:eaa3e28ea2235b33220b949c5a0d6cf79baa80eab2eb5607ca8ab7525331b9ff",
        "sha256:f3fe7a5ae34d5a414957cc7f457e2b92076e72938423ac64d215722f6cf49a9e"
      ],
      "markers": "python_version >= '3.7' and python_full_version not in '3.9.0, 3.9.1'",
      "version": "==45.0.4"
    },
    "distlib": {
      "hashes": [
        "sha256:47f8c22fd27c27e25a65601af709b38e4f0a45ea4fc2e710f65755fa8caaaf87",
        "sha256:a60f20dea646b8a33f3e7772f74dc0b2d0772d2837ee1342a00645c81edf9403"
      ],
      "version": "==0.3.9"
    },
    "exceptiongroup": {
      "hashes": [
        "sha256:4d111e6e0c13d0644cad6ddaa7ed0261a0b36971f6d23e7ec9b4b9097da78a10",
        "sha256:b241f5885f560bc56a59ee63ca4c6a8bfa46ae4ad651af316d4e81817bb9fd88"
      ],
      "markers": "python_version >= '3.7'",
      "version": "==1.3.0"
    },
    "filelock": {
      "hashes": [
        "sha256:adbc88eabb99d2fec8c9c1b229b171f18afa655400173ddc653d5d01501fb9f2",
        "sha256:c401f4f8377c4464e6db25fff06205fd89bdd83b65eb0488ed1b160f780e21de"
      ],
      "markers": "python_version >= '3.9'",
      "version": "==3.18.0"
    },
    "h11": {
      "hashes": [
        "sha256:4e35b956cf45792e4caa5885e69fba00bdbc6ffafbfa020300e549b208ee5ff1",
        "sha256:63cf8bbe7522de3bf65932fda1d9c2772064ffb3dae62d55932da54b31cb6c86"
      ],
      "markers": "python_version >= '3.8'",
      "version": "==0.16.0"
    },
    "hatch": {
      "hashes": [
        "sha256:39cdaa59e47ce0c5505d88a951f4324a9c5aafa17e4a877e2fde79b36ab66c21",
        "sha256:ca1aff788f8596b0dd1f8f8dfe776443d2724a86b1976fabaf087406ba3d0713"
      ],
      "index": "pypi",
      "markers": "python_version >= '3.8'",
      "version": "==1.14.1"
    },
    "hatchling": {
      "hashes": [
        "sha256:971c296d9819abb3811112fc52c7a9751c8d381898f36533bb16f9791e941fd6",
        "sha256:d3a2f3567c4f926ea39849cdf924c7e99e6686c9c8e288ae1037c8fa2a5d937b"
      ],
      "markers": "python_version >= '3.8'",
      "version": "==1.27.0"
    },
    "httpcore": {
      "hashes": [
        "sha256:2d400746a40668fc9dec9810239072b40b4484b640a8c38fd654a024c7a1bf55",
        "sha256:6e34463af53fd2ab5d807f399a9b45ea31c3dfa2276f15a2c3f00afff6e176e8"
      ],
      "markers": "python_version >= '3.8'",
      "version": "==1.0.9"
    },
    "httpx": {
      "hashes": [
        "sha256:75e98c5f16b0f35b567856f597f06ff2270a374470a5c2392242528e3e3e42fc",
        "sha256:d909fcccc110f8c7faf814ca82a9a4d816bc5a6dbfea25d6591d6985b8ba59ad"
      ],
      "markers": "python_version >= '3.8'",
      "version": "==0.28.1"
    },
    "hyperlink": {
      "hashes": [
        "sha256:427af957daa58bc909471c6c40f74c5450fa123dd093fc53efd2e91d2705a56b",
        "sha256:e6b14c37ecb73e89c77d78cdb4c2cc8f3fb59a885c5b3f819ff4ed80f25af1b4"
      ],
      "version": "==21.0.0"
    },
    "idna": {
      "hashes": [
        "sha256:12f65c9b470abda6dc35cf8e63cc574b1c52b11df2c86030af0ac09b01b13ea9",
        "sha256:946d195a0d259cbba61165e88e65941f16e9b36ea6ddb97f00452bae8b1287d3"
      ],
      "markers": "python_version >= '3.6'",
      "version": "==3.10"
    },
    "importlib-metadata": {
      "hashes": [
        "sha256:d13b81ad223b890aa16c5471f2ac3056cf76c5f10f82d6f9292f0b415f389000",
        "sha256:e5dd1551894c77868a30651cef00984d50e1002d06942a7101d34870c5f02afd"
      ],
      "markers": "python_version >= '3.9'",
      "version": "==8.7.0"
    },
    "jaraco.classes": {
      "hashes": [
        "sha256:47a024b51d0239c0dd8c8540c6c7f484be3b8fcf0b2d85c13825780d3b3f3acd",
        "sha256:f662826b6bed8cace05e7ff873ce0f9283b5c924470fe664fff1c2f00f581790"
      ],
      "markers": "python_version >= '3.8'",
      "version": "==3.4.0"
    },
    "jaraco.context": {
      "hashes": [
        "sha256:9bae4ea555cf0b14938dc0aee7c9f32ed303aa20a3b73e7dc80111628792d1b3",
        "sha256:f797fc481b490edb305122c9181830a3a5b76d84ef6d1aef2fb9b47ab956f9e4"
      ],
      "markers": "python_version >= '3.8'",
      "version": "==6.0.1"
    },
    "jaraco.functools": {
      "hashes": [
        "sha256:590486285803805f4b1f99c60ca9e94ed348d4added84b74c7a12885561e524e",
        "sha256:be634abfccabce56fa3053f8c7ebe37b682683a4ee7793670ced17bab0087353"
      ],
      "markers": "python_version >= '3.9'",
      "version": "==4.2.1"
    },
    "jeepney": {
      "hashes": [
        "sha256:97e5714520c16fc0a45695e5365a2e11b81ea79bba796e26f9f1d178cb182683",
        "sha256:cf0e9e845622b81e4a28df94c40345400256ec608d0e55bb8a3feaa9163f5732"
      ],
      "markers": "python_version >= '3.7'",
      "version": "==0.9.0"
    },
    "keyring": {
      "hashes": [
        "sha256:0b39998aa941431eb3d9b0d4b2460bc773b9df6fed7621c2dfb291a7e0187a66",
        "sha256:552a3f7af126ece7ed5c89753650eec89c7eaae8617d0aa4d9ad2b75111266bd"
      ],
      "markers": "python_version >= '3.9'",
      "version": "==25.6.0"
    },
    "markdown-it-py": {
      "hashes": [
        "sha256:355216845c60bd96232cd8d8c40e8f9765cc86f46880e43a8fd22dc1a1a8cab1",
        "sha256:e3f60a94fa066dc52ec76661e37c851cb232d92f9886b15cb560aaada2df8feb"
      ],
      "markers": "python_version >= '3.8'",
      "version": "==3.0.0"
    },
    "mdurl": {
      "hashes": [
        "sha256:84008a41e51615a49fc9966191ff91509e3c40b939176e643fd50a5c2196b8f8",
        "sha256:bb413d29f5eea38f31dd4754dd7377d4465116fb207585f97bf925588687c1ba"
      ],
      "markers": "python_version >= '3.7'",
      "version": "==0.1.2"
    },
    "more-itertools": {
      "hashes": [
        "sha256:9fddd5403be01a94b204faadcff459ec3568cf110265d3c54323e1e866ad29d3",
        "sha256:d43980384673cb07d2f7d2d918c616b30c659c089ee23953f601d6609c67510e"
      ],
      "markers": "python_version >= '3.9'",
      "version": "==10.7.0"
    },
    "packaging": {
      "hashes": [
        "sha256:29572ef2b1f17581046b3a2227d5c611fb25ec70ca1ba8554b24b0e69331a484",
        "sha256:d443872c98d677bf60f6a1f2f8c1cb748e8fe762d2bf9d3148b5599295b0fc4f"
      ],
      "markers": "python_version >= '3.8'",
      "version": "==25.0"
    },
    "pathspec": {
      "hashes": [
        "sha256:a0d503e138a4c123b27490a4f7beda6a01c6f288df0e4a8b79c7eb0dc7b4cc08",
        "sha256:a482d51503a1ab33b1c67a6c3813a26953dbdc71c31dacaef9a838c4e29f5712"
      ],
      "markers": "python_version >= '3.8'",
      "version": "==0.12.1"
    },
    "pexpect": {
      "hashes": [
        "sha256:7236d1e080e4936be2dc3e326cec0af72acf9212a7e1d060210e70a47e253523",
        "sha256:ee7d41123f3c9911050ea2c2dac107568dc43b2d3b0c7557a33212c398ead30f"
      ],
      "version": "==4.9.0"
    },
    "platformdirs": {
      "hashes": [
        "sha256:3d512d96e16bcb959a814c9f348431070822a6496326a4be0911c40b5a74c2bc",
        "sha256:ff7059bb7eb1179e2685604f4aaf157cfd9535242bd23742eadc3c13542139b4"
      ],
      "markers": "python_version >= '3.9'",
      "version": "==4.3.8"
    },
    "pluggy": {
      "hashes": [
        "sha256:7dcc130b76258d33b90f61b658791dede3486c3e6bfb003ee5c9bfb396dd22f3",
        "sha256:e920276dd6813095e9377c0bc5566d94c932c33b27a3e3945d8389c374dd4746"
      ],
      "markers": "python_version >= '3.9'",
      "version": "==1.6.0"
    },
    "ptyprocess": {
      "hashes": [
        "sha256:4b41f3967fce3af57cc7e94b888626c18bf37a083e3651ca8feeb66d492fef35",
        "sha256:5c5d0a3b48ceee0b48485e0c26037c0acd7d29765ca3fbb5cb3831d347423220"
      ],
      "version": "==0.7.0"
    },
    "pycparser": {
      "hashes": [
        "sha256:491c8be9c040f5390f5bf44a5b07752bd07f56edf992381b05c701439eec10f6",
        "sha256:c3702b6d3dd8c7abc1afa565d7e63d53a1d0bd86cdc24edd75470f4de499cfcc"
      ],
      "markers": "python_version >= '3.8'",
      "version": "==2.22"
    },
    "pygments": {
      "hashes": [
        "sha256:636cb2477cec7f8952536970bc533bc43743542f70392ae026374600add5b887",
        "sha256:86540386c03d588bb81d44bc3928634ff26449851e99741617ecb9037ee5ec0b"
      ],
      "markers": "python_version >= '3.8'",
      "version": "==2.19.2"
    },
    "rich": {
      "hashes": [
        "sha256:1c9491e1951aac09caffd42f448ee3d04e58923ffe14993f6e83068dc395d7e0",
        "sha256:82f1bc23a6a21ebca4ae0c45af9bdbc492ed20231dcb63f297d6d1021a9d5725"
      ],
      "markers": "python_full_version >= '3.8.0'",
      "version": "==14.0.0"
    },
    "secretstorage": {
      "hashes": [
        "sha256:2403533ef369eca6d2ba81718576c5e0f564d5cca1b58f73a8b23e7d4eeebd77",
        "sha256:f356e6628222568e3af06f2eba8df495efa13b3b63081dafd4f7d9a7b7bc9f99"
      ],
      "markers": "python_version >= '3.6'",
      "version": "==3.3.3"
    },
    "shellingham": {
      "hashes": [
        "sha256:7ecfff8f2fd72616f7481040475a65b2bf8af90a56c89140852d1120324e8686",
        "sha256:8dbca0739d487e5bd35ab3ca4b36e11c4078f3a234bfce294b0a0291363404de"
      ],
      "markers": "python_version >= '3.7'",
      "version": "==1.5.4"
    },
    "sniffio": {
      "hashes": [
        "sha256:2f6da418d1f1e0fddd844478f41680e794e6051915791a034ff65e5f100525a2",
        "sha256:f4324edc670a0f49750a81b895f35c3adb843cca46f0530f79fc1babb23789dc"
      ],
      "markers": "python_version >= '3.7'",
      "version": "==1.3.1"
    },
    "tomli": {
      "hashes": [
        "sha256:023aa114dd824ade0100497eb2318602af309e5a55595f76b626d6d9f3b7b0a6",
        "sha256:02abe224de6ae62c19f090f68da4e27b10af2b93213d36cf44e6e1c5abd19fdd",
        "sha256:286f0ca2ffeeb5b9bd4fcc8d6c330534323ec51b2f52da063b11c502da16f30c",
        "sha256:2d0f2fdd22b02c6d81637a3c95f8cd77f995846af7414c5c4b8d0545afa1bc4b",
        "sha256:33580bccab0338d00994d7f16f4c4ec25b776af3ffaac1ed74e0b3fc95e885a8",
        "sha256:400e720fe168c0f8521520190686ef8ef033fb19fc493da09779e592861b78c6",
        "sha256:40741994320b232529c802f8bc86da4e1aa9f413db394617b9a256ae0f9a7f77",
        "sha256:465af0e0875402f1d226519c9904f37254b3045fc5084697cefb9bdde1ff99ff",
        "sha256:4a8f6e44de52d5e6c657c9fe83b562f5f4256d8ebbfe4ff922c495620a7f6cea",
        "sha256:4e340144ad7ae1533cb897d406382b4b6fede8890a03738ff1683af800d54192",
        "sha256:678e4fa69e4575eb77d103de3df8a895e1591b48e740211bd1067378c69e8249",
        "sha256:6972ca9c9cc9f0acaa56a8ca1ff51e7af152a9f87fb64623e31d5c83700080ee",
        "sha256:7fc04e92e1d624a4a63c76474610238576942d6b8950a2d7f908a340494e67e4",
        "sha256:889f80ef92701b9dbb224e49ec87c645ce5df3fa2cc548664eb8a25e03127a98",
        "sha256:8d57ca8095a641b8237d5b079147646153d22552f1c637fd3ba7f4b0b29167a8",
        "sha256:8dd28b3e155b80f4d54beb40a441d366adcfe740969820caf156c019fb5c7ec4",
        "sha256:9316dc65bed1684c9a98ee68759ceaed29d229e985297003e494aa825ebb0281",
        "sha256:a198f10c4d1b1375d7687bc25294306e551bf1abfa4eace6650070a5c1ae2744",
        "sha256:a38aa0308e754b0e3c67e344754dff64999ff9b513e691d0e786265c93583c69",
        "sha256:a92ef1a44547e894e2a17d24e7557a5e85a9e1d0048b0b5e7541f76c5032cb13",
        "sha256:ac065718db92ca818f8d6141b5f66369833d4a80a9d74435a268c52bdfa73140",
        "sha256:b82ebccc8c8a36f2094e969560a1b836758481f3dc360ce9a3277c65f374285e",
        "sha256:c954d2250168d28797dd4e3ac5cf812a406cd5a92674ee4c8f123c889786aa8e",
        "sha256:cb55c73c5f4408779d0cf3eef9f762b9c9f147a77de7b258bef0a5628adc85cc",
        "sha256:cd45e1dc79c835ce60f7404ec8119f2eb06d38b1deba146f07ced3bbc44505ff",
        "sha256:d3f5614314d758649ab2ab3a62d4f2004c825922f9e370b29416484086b264ec",
        "sha256:d920f33822747519673ee656a4b6ac33e382eca9d331c87770faa3eef562aeb2",
        "sha256:db2b95f9de79181805df90bedc5a5ab4c165e6ec3fe99f970d0e302f384ad222",
        "sha256:e59e304978767a54663af13c07b3d1af22ddee3bb2fb0618ca1593e4f593a106",
        "sha256:e85e99945e688e32d5a35c1ff38ed0b3f41f43fad8df0bdf79f72b2ba7bc5272",
        "sha256:ece47d672db52ac607a3d9599a9d48dcb2f2f735c6c2d1f34130085bb12b112a",
        "sha256:f4039b9cbc3048b2416cc57ab3bda989a6fcf9b36cf8937f01a6e731b64f80d7"
      ],
      "markers": "python_version >= '3.8'",
      "version": "==2.2.1"
    },
    "tomli-w": {
      "hashes": [
        "sha256:188306098d013b691fcadc011abd66727d3c414c571bb01b1a174ba8c983cf90",
        "sha256:2dd14fac5a47c27be9cd4c976af5a12d87fb1f0b4512f81d69cce3b35ae25021"
      ],
      "markers": "python_version >= '3.9'",
      "version": "==1.2.0"
    },
    "tomlkit": {
      "hashes": [
        "sha256:430cf247ee57df2b94ee3fbe588e71d362a941ebb545dec29b53961d61add2a1",
        "sha256:c89c649d79ee40629a9fda55f8ace8c6a1b42deb912b2a8fd8d942ddadb606b0"
      ],
      "markers": "python_version >= '3.8'",
      "version": "==0.13.3"
    },
    "trove-classifiers": {
      "hashes": [
        "sha256:7ca7c8a7a76e2cd314468c677c69d12cc2357711fcab4a60f87994c1589e5cb5",
        "sha256:e381c05537adac78881c8fa345fd0e9970159f4e4a04fcc42cfd3129cca640ce"
      ],
      "version": "==2025.5.9.12"
    },
    "typing-extensions": {
      "hashes": [
        "sha256:8676b788e32f02ab42d9e7c61324048ae4c6d844a399eebace3d4979d75ceef4",
        "sha256:a1514509136dd0b477638fc68d6a91497af5076466ad0fa6c338e44e359944af"
      ],
      "markers": "python_version >= '3.9'",
      "version": "==4.14.0"
    },
    "userpath": {
      "hashes": [
        "sha256:2cbf01a23d655a1ff8fc166dfb78da1b641d1ceabf0fe5f970767d380b14e89d",
        "sha256:6c52288dab069257cc831846d15d48133522455d4677ee69a9781f11dbefd815"
      ],
      "markers": "python_version >= '3.7'",
      "version": "==1.9.2"
    },
    "uv": {
      "hashes": [
        "sha256:0bdc5b64bd93bac674e1ff1f2cbda340eb12568d6092397cc33b01952c5fe943",
        "sha256:46be74107e5f0f1e9754d1cd9b4e001eaa682bf99044d1e280832c219a52e2a7",
        "sha256:63f0a7ba7230575352179b4ed73b2d45e7ccf371b5ba81836fcb91cf85908e49",
        "sha256:6d9355e39a401d368b90d29bb183ec8f159b6fef4823a0819177a96e1e1036b9",
        "sha256:72bcea629ee7e9aa518460a10b06896f70f9253cb9d724613a21fbf83f48c9e7",
        "sha256:7791eaf0c90b8f1920d3324e866b1baa34a5298c6838212a467b35d9d0203d65",
        "sha256:80f295f9406ec6827c754f0b8a0c833d9037332a3c67878d4da843c287b14f9f",
        "sha256:84c4c2d31d9831326f05b5f78886d987bd0b2cde723d95a21c0c337b40138561",
        "sha256:86f26813c3a62c75f7719e09fd1495610317b64a462af904c02edb8acf3f4cd3",
        "sha256:8722f24e1a754746aeaa425d03f3184ca1d8832eb1e967eeaf502dc87d87e7f4",
        "sha256:a2e1c051f4078cd839506246e420076b0bc2fb7eb82d247cfee72a96035d1ab2",
        "sha256:c12c6046bdb064924df6e252f7aac4f9192a21b9c9588bbb048c07d95f6074fa",
        "sha256:c4a291317c1a055cf647fd69095ccf881be78619934a95a1535353863dc6860b",
        "sha256:e41719e940b31ee0b869bfe91cdde2bc59da1505f2c92a6dbdca707a766af7b3",
        "sha256:f5f39150d3e70a5bb3d0cb1708496c054591b220f94c292d454b90065387463f",
        "sha256:f76ad3add9aeacde15986b8f967744874ed4bdf73c9ba941fc64187f1616c497",
        "sha256:f9fe75732139393280dc743b94d696693d3d748ce83781fc6be88c1910738823",
        "sha256:fb93fda6aaf7d9fc503f6b8a997ec111cfd420f55c92b389b30a669210ea5307"
      ],
      "markers": "python_version >= '3.8'",
      "version": "==0.7.14"
    },
    "virtualenv": {
      "hashes": [
        "sha256:36efd0d9650ee985f0cad72065001e66d49a6f24eb44d98980f630686243cf11",
        "sha256:e10c0a9d02835e592521be48b332b6caee6887f332c111aa79a09b9e79efc2af"
      ],
      "markers": "python_version >= '3.8'",
      "version": "==20.31.2"
    },
    "zipp": {
      "hashes": [
        "sha256:071652d6115ed432f5ce1d34c336c0adfd6a884660d1e9712a256d3d3bd4b14e",
        "sha256:a07157588a12518c9d4034df3fbbee09c814741a33ff63c05fa29d26a2404166"
      ],
      "markers": "python_version >= '3.9'",
      "version": "==3.23.0"
    },
    "zstandard": {
      "hashes": [
        "sha256:034b88913ecc1b097f528e42b539453fa82c3557e414b3de9d5632c80439a473",
        "sha256:0a7f0804bb3799414af278e9ad51be25edf67f78f916e08afdb983e74161b916",
        "sha256:11e3bf3c924853a2d5835b24f03eeba7fc9b07d8ca499e247e06ff5676461a15",
        "sha256:12a289832e520c6bd4dcaad68e944b86da3bad0d339ef7989fb7e88f92e96072",
        "sha256:1516c8c37d3a053b01c1c15b182f3b5f5eef19ced9b930b684a73bad121addf4",
        "sha256:157e89ceb4054029a289fb504c98c6a9fe8010f1680de0201b3eb5dc20aa6d9e",
        "sha256:1bfe8de1da6d104f15a60d4a8a768288f66aa953bbe00d027398b93fb9680b26",
        "sha256:1e172f57cd78c20f13a3415cc8dfe24bf388614324d25539146594c16d78fcc8",
        "sha256:1fd7e0f1cfb70eb2f95a19b472ee7ad6d9a0a992ec0ae53286870c104ca939e5",
        "sha256:203d236f4c94cd8379d1ea61db2fce20730b4c38d7f1c34506a31b34edc87bdd",
        "sha256:27d3ef2252d2e62476389ca8f9b0cf2bbafb082a3b6bfe9d90cbcbb5529ecf7c",
        "sha256:29a2bc7c1b09b0af938b7a8343174b987ae021705acabcbae560166567f5a8db",
        "sha256:2ef230a8fd217a2015bc91b74f6b3b7d6522ba48be29ad4ea0ca3a3775bf7dd5",
        "sha256:2ef3775758346d9ac6214123887d25c7061c92afe1f2b354f9388e9e4d48acfc",
        "sha256:2f146f50723defec2975fb7e388ae3a024eb7151542d1599527ec2aa9cacb152",
        "sha256:2fb4535137de7e244c230e24f9d1ec194f61721c86ebea04e1581d9d06ea1269",
        "sha256:32ba3b5ccde2d581b1e6aa952c836a6291e8435d788f656fe5976445865ae045",
        "sha256:34895a41273ad33347b2fc70e1bff4240556de3c46c6ea430a7ed91f9042aa4e",
        "sha256:379b378ae694ba78cef921581ebd420c938936a153ded602c4fea612b7eaa90d",
        "sha256:38302b78a850ff82656beaddeb0bb989a0322a8bbb1bf1ab10c17506681d772a",
        "sha256:3aa014d55c3af933c1315eb4bb06dd0459661cc0b15cd61077afa6489bec63bb",
        "sha256:4051e406288b8cdbb993798b9a45c59a4896b6ecee2f875424ec10276a895740",
        "sha256:40b33d93c6eddf02d2c19f5773196068d875c41ca25730e8288e9b672897c105",
        "sha256:43da0f0092281bf501f9c5f6f3b4c975a8a0ea82de49ba3f7100e64d422a1274",
        "sha256:445e4cb5048b04e90ce96a79b4b63140e3f4ab5f662321975679b5f6360b90e2",
        "sha256:48ef6a43b1846f6025dde6ed9fee0c24e1149c1c25f7fb0a0585572b2f3adc58",
        "sha256:50a80baba0285386f97ea36239855f6020ce452456605f262b2d33ac35c7770b",
        "sha256:519fbf169dfac1222a76ba8861ef4ac7f0530c35dd79ba5727014613f91613d4",
        "sha256:53dd9d5e3d29f95acd5de6802e909ada8d8d8cfa37a3ac64836f3bc4bc5512db",
        "sha256:53ea7cdc96c6eb56e76bb06894bcfb5dfa93b7adcf59d61c6b92674e24e2dd5e",
        "sha256:576856e8594e6649aee06ddbfc738fec6a834f7c85bf7cadd1c53d4a58186ef9",
        "sha256:59556bf80a7094d0cfb9f5e50bb2db27fefb75d5138bb16fb052b61b0e0eeeb0",
        "sha256:5d41d5e025f1e0bccae4928981e71b2334c60f580bdc8345f824e7c0a4c2a813",
        "sha256:61062387ad820c654b6a6b5f0b94484fa19515e0c5116faf29f41a6bc91ded6e",
        "sha256:61f89436cbfede4bc4e91b4397eaa3e2108ebe96d05e93d6ccc95ab5714be512",
        "sha256:62136da96a973bd2557f06ddd4e8e807f9e13cbb0bfb9cc06cfe6d98ea90dfe0",
        "sha256:64585e1dba664dc67c7cdabd56c1e5685233fbb1fc1966cfba2a340ec0dfff7b",
        "sha256:65308f4b4890aa12d9b6ad9f2844b7ee42c7f7a4fd3390425b242ffc57498f48",
        "sha256:66b689c107857eceabf2cf3d3fc699c3c0fe8ccd18df2219d978c0283e4c508a",
        "sha256:6a41c120c3dbc0d81a8e8adc73312d668cd34acd7725f036992b1b72d22c1772",
        "sha256:6f77fa49079891a4aab203d0b1744acc85577ed16d767b52fc089d83faf8d8ed",
        "sha256:72c68dda124a1a138340fb62fa21b9bf4848437d9ca60bd35db36f2d3345f373",
        "sha256:752bf8a74412b9892f4e5b58f2f890a039f57037f52c89a740757ebd807f33ea",
        "sha256:76e79bc28a65f467e0409098fa2c4376931fd3207fbeb6b956c7c476d53746dd",
        "sha256:774d45b1fac1461f48698a9d4b5fa19a69d47ece02fa469825b442263f04021f",
        "sha256:77da4c6bfa20dd5ea25cbf12c76f181a8e8cd7ea231c673828d0386b1740b8dc",
        "sha256:77ea385f7dd5b5676d7fd943292ffa18fbf5c72ba98f7d09fc1fb9e819b34c23",
        "sha256:80080816b4f52a9d886e67f1f96912891074903238fe54f2de8b786f86baded2",
        "sha256:80a539906390591dd39ebb8d773771dc4db82ace6372c4d41e2d293f8e32b8db",
        "sha256:82d17e94d735c99621bf8ebf9995f870a6b3e6d14543b99e201ae046dfe7de70",
        "sha256:837bb6764be6919963ef41235fd56a6486b132ea64afe5fafb4cb279ac44f259",
        "sha256:84433dddea68571a6d6bd4fbf8ff398236031149116a7fff6f777ff95cad3df9",
        "sha256:8c24f21fa2af4bb9f2c492a86fe0c34e6d2c63812a839590edaf177b7398f700",
        "sha256:8ed7d27cb56b3e058d3cf684d7200703bcae623e1dcc06ed1e18ecda39fee003",
        "sha256:9206649ec587e6b02bd124fb7799b86cddec350f6f6c14bc82a2b70183e708ba",
        "sha256:983b6efd649723474f29ed42e1467f90a35a74793437d0bc64a5bf482bedfa0a",
        "sha256:98da17ce9cbf3bfe4617e836d561e433f871129e3a7ac16d6ef4c680f13a839c",
        "sha256:9c236e635582742fee16603042553d276cca506e824fa2e6489db04039521e90",
        "sha256:9da6bc32faac9a293ddfdcb9108d4b20416219461e4ec64dfea8383cac186690",
        "sha256:a05e6d6218461eb1b4771d973728f0133b2a4613a6779995df557f70794fd60f",
        "sha256:a0817825b900fcd43ac5d05b8b3079937073d2b1ff9cf89427590718b70dd840",
        "sha256:a4ae99c57668ca1e78597d8b06d5af837f377f340f4cce993b551b2d7731778d",
        "sha256:a8c86881813a78a6f4508ef9daf9d4995b8ac2d147dcb1a450448941398091c9",
        "sha256:a8fffdbd9d1408006baaf02f1068d7dd1f016c6bcb7538682622c556e7b68e35",
        "sha256:a9b07268d0c3ca5c170a385a0ab9fb7fdd9f5fd866be004c4ea39e44edce47dd",
        "sha256:ab19a2d91963ed9e42b4e8d77cd847ae8381576585bad79dbd0a8837a9f6620a",
        "sha256:ac184f87ff521f4840e6ea0b10c0ec90c6b1dcd0bad2f1e4a9a1b4fa177982ea",
        "sha256:b0e166f698c5a3e914947388c162be2583e0c638a4703fc6a543e23a88dea3c1",
        "sha256:b2170c7e0367dde86a2647ed5b6f57394ea7f53545746104c6b09fc1f4223573",
        "sha256:b2d8c62d08e7255f68f7a740bae85b3c9b8e5466baa9cbf7f57f1cde0ac6bc09",
        "sha256:b4567955a6bc1b20e9c31612e615af6b53733491aeaa19a6b3b37f3b65477094",
        "sha256:b69bb4f51daf461b15e7b3db033160937d3ff88303a7bc808c67bbc1eaf98c78",
        "sha256:b8c0bd73aeac689beacd4e7667d48c299f61b959475cdbb91e7d3d88d27c56b9",
        "sha256:be9b5b8659dff1f913039c2feee1aca499cfbc19e98fa12bc85e037c17ec6ca5",
        "sha256:bf0a05b6059c0528477fba9054d09179beb63744355cab9f38059548fedd46a9",
        "sha256:c16842b846a8d2a145223f520b7e18b57c8f476924bda92aeee3a88d11cfc391",
        "sha256:c363b53e257246a954ebc7c488304b5592b9c53fbe74d03bc1c64dda153fb847",
        "sha256:c7c517d74bea1a6afd39aa612fa025e6b8011982a0897768a2f7c8ab4ebb78a2",
        "sha256:d20fd853fbb5807c8e84c136c278827b6167ded66c72ec6f9a14b863d809211c",
        "sha256:d2240ddc86b74966c34554c49d00eaafa8200a18d3a5b6ffbf7da63b11d74ee2",
        "sha256:d477ed829077cd945b01fc3115edd132c47e6540ddcd96ca169facff28173057",
        "sha256:d50d31bfedd53a928fed6707b15a8dbeef011bb6366297cc435accc888b27c20",
        "sha256:dc1d33abb8a0d754ea4763bad944fd965d3d95b5baef6b121c0c9013eaf1907d",
        "sha256:dc5d1a49d3f8262be192589a4b72f0d03b72dcf46c51ad5852a4fdc67be7b9e4",
        "sha256:e2d1a054f8f0a191004675755448d12be47fa9bebbcffa3cdf01db19f2d30a54",
        "sha256:e7792606d606c8df5277c32ccb58f29b9b8603bf83b48639b7aedf6df4fe8171",
        "sha256:ed1708dbf4d2e3a1c5c69110ba2b4eb6678262028afd6c6fbcc5a8dac9cda68e",
        "sha256:f2d4380bf5f62daabd7b751ea2339c1a21d1c9463f1feb7fc2bdcea2c29c3160",
        "sha256:f3513916e8c645d0610815c257cbfd3242adfd5c4cfa78be514e5a3ebb42a41b",
        "sha256:f8346bfa098532bc1fb6c7ef06783e969d87a99dd1d2a5a18a892c1d7a643c58",
        "sha256:f83fa6cae3fff8e98691248c9320356971b59678a17f20656a9e59cd32cee6d8",
        "sha256:fa6ce8b52c5987b3e34d5674b0ab529a4602b632ebab0a93b07bfb4dfc8f8a33",
        "sha256:fb2b1ecfef1e67897d336de3a0e3f52478182d6a47eda86cbd42504c5cbd009a",
        "sha256:fc9ca1c9718cb3b06634c7c8dec57d24e9438b2aa9a0f02b8bb36bf478538880",
        "sha256:fd30d9c67d13d891f2360b2a120186729c111238ac63b43dbd37a5a40670b8ca",
        "sha256:fd7699e8fd9969f455ef2926221e0233f81a2542921471382e77a9e2f2b57f4b",
        "sha256:fe3b385d996ee0822fd46528d9f0443b880d4d05528fd26a9119a54ec3f91c69"
      ],
      "markers": "python_version >= '3.8'",
      "version": "==0.23.0"
    }
  },
  "develop": {}
}
